
Microsoft Visual Studio Solution File, Format Version 12.00
# Visual Studio Version 17
VisualStudioVersion = 17.3.32929.385
MinimumVisualStudioVersion = 10.0.40219.1
Project("{9A19103F-16F7-4668-BE54-9A1E7A4F7556}") = "CKK.Logic", "CKK.Logic\CKK.Logic.csproj", "{2817C282-0544-4278-9AB0-CC7E7CC9B609}"
EndProject
Project("{9A19103F-16F7-4668-BE54-9A1E7A4F7556}") = "CKK.UI", "CKK.UI\CKK.UI.csproj", "{36E12E36-4297-4044-8552-5DAE80EA4CBF}"
EndProject
Project("{9A19103F-16F7-4668-BE54-9A1E7A4F7556}") = "CKK.DB", "CKK.DB\CKK.DB.csproj", "{448A0791-53B5-44DB-B363-56D244C94197}"
EndProject
Project("{9A19103F-16F7-4668-BE54-9A1E7A4F7556}") = "CKK.Web", "CKK.Web\CKK.Web.csproj", "{9FB457DB-1272-4FCE-A9F1-D77C0C06A05B}"
EndProject
Global
	GlobalSection(SolutionConfigurationPlatforms) = preSolution
		Debug|Any CPU = Debug|Any CPU
		Release|Any CPU = Release|Any CPU
	EndGlobalSection
	GlobalSection(ProjectConfigurationPlatforms) = postSolution
		{2817C282-0544-4278-9AB0-CC7E7CC9B609}.Debug|Any CPU.ActiveCfg = Debug|Any CPU
		{2817C282-0544-4278-9AB0-CC7E7CC9B609}.Debug|Any CPU.Build.0 = Debug|Any CPU
		{2817C282-0544-4278-9AB0-CC7E7CC9B609}.Release|Any CPU.ActiveCfg = Release|Any CPU
		{2817C282-0544-4278-9AB0-CC7E7CC9B609}.Release|Any CPU.Build.0 = Release|Any CPU
		{36E12E36-4297-4044-8552-5DAE80EA4CBF}.Debug|Any CPU.ActiveCfg = Debug|Any CPU
		{36E12E36-4297-4044-8552-5DAE80EA4CBF}.Debug|Any CPU.Build.0 = Debug|Any CPU
		{36E12E36-4297-4044-8552-5DAE80EA4CBF}.Release|Any CPU.ActiveCfg = Release|Any CPU
		{36E12E36-4297-4044-8552-5DAE80EA4CBF}.Release|Any CPU.Build.0 = Release|Any CPU
		{448A0791-53B5-44DB-B363-56D244C94197}.Debug|Any CPU.ActiveCfg = Debug|Any CPU
		{448A0791-53B5-44DB-B363-56D244C94197}.Debug|Any CPU.Build.0 = Debug|Any CPU
		{448A0791-53B5-44DB-B363-56D244C94197}.Release|Any CPU.ActiveCfg = Release|Any CPU
		{448A0791-53B5-44DB-B363-56D244C94197}.Release|Any CPU.Build.0 = Release|Any CPU
		{9FB457DB-1272-4FCE-A9F1-D77C0C06A05B}.Debug|Any CPU.ActiveCfg = Debug|Any CPU
		{9FB457DB-1272-4FCE-A9F1-D77C0C06A05B}.Debug|Any CPU.Build.0 = Debug|Any CPU
		{9FB457DB-1272-4FCE-A9F1-D77C0C06A05B}.Release|Any CPU.ActiveCfg = Release|Any CPU
		{9FB457DB-1272-4FCE-A9F1-D77C0C06A05B}.Release|Any CPU.Build.0 = Release|Any CPU
	EndGlobalSection
	GlobalSection(SolutionProperties) = preSolution
		HideSolutionNode = FALSE
	EndGlobalSection
	GlobalSection(ExtensibilityGlobals) = postSolution
		SolutionGuid = {7723FE69-117B-4B44-A6A2-E743919C12A9}
	EndGlobalSection
EndGlobal
